
Microsoft Visual Studio Solution File, Format Version 12.00
# Visual Studio Version 16
VisualStudioVersion = 16.0.29806.167
MinimumVisualStudioVersion = 10.0.40219.1
Project("{FAE04EC0-301F-11D3-BF4B-00C04F79EFBC}") = "cmdplayer", "cmdplayer\cmdplayer.csproj", "{07A1BB20-DFB7-4169-9637-BD1A195EEBF2}"
EndProject
Global
	GlobalSection(SolutionConfigurationPlatforms) = preSolution
		Debug|Any CPU = Debug|Any CPU
		Release|Any CPU = Release|Any CPU
	EndGlobalSection
	GlobalSection(ProjectConfigurationPlatforms) = postSolution
		{07A1BB20-DFB7-4169-9637-BD1A195EEBF2}.Debug|Any CPU.ActiveCfg = Debug|Any CPU
		{07A1BB20-DFB7-4169-9637-BD1A195EEBF2}.Debug|Any CPU.Build.0 = Debug|Any CPU
		{07A1BB20-DFB7-4169-9637-BD1A195EEBF2}.Release|Any CPU.ActiveCfg = Release|Any CPU
		{07A1BB20-DFB7-4169-9637-BD1A195EEBF2}.Release|Any CPU.Build.0 = Release|Any CPU
	EndGlobalSection
	GlobalSection(SolutionProperties) = preSolution
		HideSolutionNode = FALSE
	EndGlobalSection
	GlobalSection(ExtensibilityGlobals) = postSolution
		SolutionGuid = {ACF51443-08F0-45E1-B192-AB9AD5709215}
	EndGlobalSection
EndGlobal
